<?xml version="1.0" encoding="utf-8"?>
<Project ToolsVersion="4.0" xmlns="http://schemas.microsoft.com/developer/msbuild/2003">
  <ItemGroup>
    <Filter Include="Source Files">
      <UniqueIdentifier>{4FC737F1-C7A5-4376-A066-2A32D752A2FF}</UniqueIdentifier>
      <Extensions>cpp;c;cc;cxx;def;odl;idl;hpj;bat;asm;asmx</Extensions>
    </Filter>
    <Filter Include="Header Files">
      <UniqueIdentifier>{93995380-89BD-4b04-88EB-625FBE52EBFB}</UniqueIdentifier>
      <Extensions>h;hpp;hxx;hm;inl;inc;xsd</Extensions>
    </Filter>
    <Filter Include="Shader">
      <UniqueIdentifier>{67DA6AB6-F800-4c08-8B7A-83BB121AAD01}</UniqueIdentifier>
      <Extensions>rc;ico;cur;bmp;dlg;rc2;rct;bin;rgs;gif;jpg;jpeg;jpe;resx;tiff;tif;png;wav;mfcribbon-ms</Extensions>
    </Filter>
    <Filter Include="PlayerInfo">
      <UniqueIdentifier>{ee63a848-364d-4119-9628-05cc3d6a4b17}</UniqueIdentifier>
    </Filter>
    <Filter Include="SkyBox">
      <UniqueIdentifier>{37a125cd-b9e3-4b31-923e-1226145f54a1}</UniqueIdentifier>
    </Filter>
    <Filter Include="Scenes">
      <UniqueIdentifier>{d4ee44b2-e619-44b3-9cd5-a223cc4ed838}</UniqueIdentifier>
    </Filter>
    <Filter Include="Scenes\Header">
      <UniqueIdentifier>{c5b1a27e-3604-47f2-827b-775c39708331}</UniqueIdentifier>
    </Filter>
    <Filter Include="Scenes\Source">
      <UniqueIdentifier>{bb4e7412-d242-4727-afdc-af5ceb331b9a}</UniqueIdentifier>
    </Filter>
    <Filter Include="Sound">
      <UniqueIdentifier>{a11c60e7-ee65-4131-adc6-a78156ac9ba2}</UniqueIdentifier>
    </Filter>
    <Filter Include="SceneGraph">
      <UniqueIdentifier>{9f86912d-bb73-4885-a0ff-4d29c792a6d0}</UniqueIdentifier>
    </Filter>
    <Filter Include="LevelOfDetails">
      <UniqueIdentifier>{0fcc64b7-39c2-4c21-ab78-9ec6655ae151}</UniqueIdentifier>
    </Filter>
    <Filter Include="Enemy">
      <UniqueIdentifier>{1237d867-99bb-4434-acca-22d08851170c}</UniqueIdentifier>
    </Filter>
    <Filter Include="GameStateManagement">
      <UniqueIdentifier>{22291f96-68ee-48a7-b954-cdcba1ffe330}</UniqueIdentifier>
    </Filter>
    <Filter Include="Lua">
      <UniqueIdentifier>{22f4c1c7-2c6b-4c54-9069-dcf877e93bb8}</UniqueIdentifier>
    </Filter>
    <Filter Include="Waypoint">
      <UniqueIdentifier>{0ac91c2d-a5fa-4c9d-814d-fea563cad847}</UniqueIdentifier>
    </Filter>
    <Filter Include="RakNet">
      <UniqueIdentifier>{243f741e-33c7-4718-86c3-4f8933658345}</UniqueIdentifier>
    </Filter>
    <Filter Include="SP4">
      <UniqueIdentifier>{5662ee94-eb54-4fc5-8037-f31ad8f3dc26}</UniqueIdentifier>
    </Filter>
    <Filter Include="SP4\Tests">
      <UniqueIdentifier>{50d40e64-5131-4cf1-a294-00830a6cdd4a}</UniqueIdentifier>
    </Filter>
    <Filter Include="Physics">
      <UniqueIdentifier>{ef7be108-f127-4a40-9ec3-dfb3c58750e5}</UniqueIdentifier>
    </Filter>
    <Filter Include="PlayerInfo\PlayerEntityBase">
      <UniqueIdentifier>{9668061e-a0d3-4680-a7bd-57243a391fc5}</UniqueIdentifier>
    </Filter>
  </ItemGroup>
  <ItemGroup>
    <ClCompile Include="Source\Application.cpp">
      <Filter>Source Files</Filter>
    </ClCompile>
    <ClCompile Include="Source\main.cpp">
      <Filter>Source Files</Filter>
    </ClCompile>
    <ClCompile Include="Source\FPSCamera.cpp">
      <Filter>Source Files</Filter>
    </ClCompile>
    <ClCompile Include="Source\OBJMesh.cpp">
      <Filter>Source Files</Filter>
    </ClCompile>
    <ClCompile Include="Source\GroundEntity.cpp">
      <Filter>Source Files</Filter>
    </ClCompile>
    <ClCompile Include="Source\TextEntity.cpp">
      <Filter>Source Files</Filter>
    </ClCompile>
    <ClCompile Include="Source\SpriteEntity.cpp">
      <Filter>Source Files</Filter>
    </ClCompile>
    <ClCompile Include="Source\Light.cpp">
      <Filter>Source Files</Filter>
    </ClCompile>
    <ClCompile Include="Source\PlayerInfo\PlayerInfo.cpp">
      <Filter>PlayerInfo</Filter>
    </ClCompile>
    <ClCompile Include="Source\SkyBox\SkyBoxEntity.cpp">
      <Filter>SkyBox</Filter>
    </ClCompile>
    <ClCompile Include="Source\GenericEntity.cpp">
      <Filter>Source Files</Filter>
    </ClCompile>
    <ClCompile Include="Source\SceneBase2D.cpp">
      <Filter>Scenes\Source</Filter>
    </ClCompile>
    <ClCompile Include="Source\SceneBase3D.cpp">
      <Filter>Scenes\Source</Filter>
    </ClCompile>
    <ClCompile Include="Source\SceneText.cpp">
      <Filter>Scenes\Source</Filter>
    </ClCompile>
    <ClCompile Include="Source\SceneText2.cpp">
      <Filter>Scenes\Source</Filter>
    </ClCompile>
    <ClCompile Include="Source\SoundManager.cpp">
      <Filter>Sound</Filter>
    </ClCompile>
    <ClCompile Include="Source\SceneGraph\SceneGraph.cpp">
      <Filter>SceneGraph</Filter>
    </ClCompile>
    <ClCompile Include="Source\SceneGraph\SceneNode.cpp">
      <Filter>SceneGraph</Filter>
    </ClCompile>
    <ClCompile Include="Source\SceneGraph\Transform.cpp">
      <Filter>SceneGraph</Filter>
    </ClCompile>
    <ClCompile Include="Source\SceneGraph\UpdateTransformation.cpp">
      <Filter>SceneGraph</Filter>
    </ClCompile>
    <ClCompile Include="Source\SceneGraph\Grid.cpp">
      <Filter>SceneGraph</Filter>
    </ClCompile>
    <ClCompile Include="Source\LevelOfDetails.cpp">
      <Filter>LevelOfDetails</Filter>
    </ClCompile>
    <ClCompile Include="Source\Enemy.cpp">
      <Filter>Enemy</Filter>
    </ClCompile>
    <ClCompile Include="Source\SceneGraph\SpatialPartition.cpp">
      <Filter>SceneGraph</Filter>
    </ClCompile>
    <ClCompile Include="Source\Waypoint\Waypoint.cpp">
      <Filter>Waypoint</Filter>
    </ClCompile>
    <ClCompile Include="Source\Waypoint\WaypointManager.cpp">
      <Filter>Waypoint</Filter>
    </ClCompile>
    <ClCompile Include="Source\Lua\LuaInterface.cpp">
      <Filter>Lua</Filter>
    </ClCompile>
    <ClCompile Include="Source\GameStateManagement\PauseState.cpp">
      <Filter>GameStateManagement</Filter>
    </ClCompile>
    <ClCompile Include="Source\GameStateManagement\MenuState.cpp">
      <Filter>GameStateManagement</Filter>
    </ClCompile>
    <ClCompile Include="Source\Button.cpp">
      <Filter>Source Files</Filter>
    </ClCompile>
    <ClCompile Include="Source\RakNet\Client.cpp">
      <Filter>RakNet</Filter>
    </ClCompile>
    <ClCompile Include="Source\RakNet\Server.cpp">
      <Filter>RakNet</Filter>
    </ClCompile>
    <ClCompile Include="Source\SP4\SceneTest.cpp">
      <Filter>SP4\Tests</Filter>
    </ClCompile>
    <ClCompile Include="Source\Physics\Physics.cpp">
      <Filter>Physics</Filter>
    </ClCompile>
    <ClCompile Include="Source\RakNet\NetworkEntity.cpp">
      <Filter>RakNet</Filter>
    </ClCompile>
    <ClCompile Include="Source\RakNet\NetworkEntityManager.cpp">
      <Filter>RakNet</Filter>
    </ClCompile>
    <ClCompile Include="Source\PlayerInfo\PlayerEntityBase.cpp">
      <Filter>PlayerInfo\PlayerEntityBase</Filter>
    </ClCompile>
  </ItemGroup>
  <ItemGroup>
    <ClInclude Include="Source\Application.h">
      <Filter>Header Files</Filter>
    </ClInclude>
    <ClInclude Include="Source\FPSCamera.h">
      <Filter>Header Files</Filter>
    </ClInclude>
    <ClInclude Include="Source\OBJMesh.h">
      <Filter>Header Files</Filter>
    </ClInclude>
    <ClInclude Include="Source\GroundEntity.h">
      <Filter>Header Files</Filter>
    </ClInclude>
    <ClInclude Include="Source\TextEntity.h">
      <Filter>Header Files</Filter>
    </ClInclude>
    <ClInclude Include="Source\SpriteEntity.h">
      <Filter>Header Files</Filter>
    </ClInclude>
    <ClInclude Include="Source\Light.h">
      <Filter>Header Files</Filter>
    </ClInclude>
    <ClInclude Include="Source\PlayerInfo\PlayerInfo.h">
      <Filter>PlayerInfo</Filter>
    </ClInclude>
    <ClInclude Include="Source\SkyBox\SkyBoxEntity.h">
      <Filter>SkyBox</Filter>
    </ClInclude>
    <ClInclude Include="Source\GenericEntity.h">
      <Filter>Header Files</Filter>
    </ClInclude>
    <ClInclude Include="Source\SceneBase2D.h">
      <Filter>Scenes\Header</Filter>
    </ClInclude>
    <ClInclude Include="Source\SceneBase3D.h">
      <Filter>Scenes\Header</Filter>
    </ClInclude>
    <ClInclude Include="Source\SceneText.h">
      <Filter>Scenes\Header</Filter>
    </ClInclude>
    <ClInclude Include="Source\SceneText2.h">
      <Filter>Scenes\Header</Filter>
    </ClInclude>
    <ClInclude Include="Source\SoundManager.h">
      <Filter>Sound</Filter>
    </ClInclude>
    <ClInclude Include="Source\SceneGraph\SceneGraph.h">
      <Filter>SceneGraph</Filter>
    </ClInclude>
    <ClInclude Include="Source\SceneGraph\SceneNode.h">
      <Filter>SceneGraph</Filter>
    </ClInclude>
    <ClInclude Include="Source\SceneGraph\Transform.h">
      <Filter>SceneGraph</Filter>
    </ClInclude>
    <ClInclude Include="Source\SceneGraph\UpdateTransformation.h">
      <Filter>SceneGraph</Filter>
    </ClInclude>
    <ClInclude Include="Source\SceneGraph\Grid.h">
      <Filter>SceneGraph</Filter>
    </ClInclude>
    <ClInclude Include="Source\LevelOfDetails.h">
      <Filter>LevelOfDetails</Filter>
    </ClInclude>
    <ClInclude Include="Source\Enemy.h">
      <Filter>Enemy</Filter>
    </ClInclude>
    <ClInclude Include="Source\SceneGraph\SpatialPartition.h">
      <Filter>SceneGraph</Filter>
    </ClInclude>
    <ClInclude Include="Source\Waypoint\Waypoint.h">
      <Filter>Waypoint</Filter>
    </ClInclude>
    <ClInclude Include="Source\Waypoint\WaypointManager.h">
      <Filter>Waypoint</Filter>
    </ClInclude>
    <ClInclude Include="Source\Lua\LuaInterface.h">
      <Filter>Lua</Filter>
    </ClInclude>
    <ClInclude Include="Source\GameStateManagement\PauseState.h">
      <Filter>GameStateManagement</Filter>
    </ClInclude>
    <ClInclude Include="Source\GameStateManagement\MenuState.h">
      <Filter>GameStateManagement</Filter>
    </ClInclude>
    <ClInclude Include="Source\Button.h">
      <Filter>Header Files</Filter>
    </ClInclude>
    <ClInclude Include="Source\RakNet\Client.h">
      <Filter>RakNet</Filter>
    </ClInclude>
    <ClInclude Include="Source\RakNet\config.h">
      <Filter>RakNet</Filter>
    </ClInclude>
    <ClInclude Include="Source\RakNet\MyMsgIDs.h">
      <Filter>RakNet</Filter>
    </ClInclude>
    <ClInclude Include="Source\RakNet\Server.h">
      <Filter>RakNet</Filter>
    </ClInclude>
    <ClInclude Include="Source\SP4\SceneTest.h">
      <Filter>SP4\Tests</Filter>
    </ClInclude>
    <ClInclude Include="Source\Physics\Physics.h">
      <Filter>Physics</Filter>
    </ClInclude>
    <ClInclude Include="Source\RakNet\NetworkEntity.h">
      <Filter>RakNet</Filter>
    </ClInclude>
    <ClInclude Include="Source\RakNet\NetworkEntityManager.h">
      <Filter>RakNet</Filter>
    </ClInclude>
    <ClInclude Include="Source\PlayerInfo\PlayerEntityBase.h">
      <Filter>PlayerInfo\PlayerEntityBase</Filter>
    </ClInclude>
  </ItemGroup>
</Project>